
Microsoft Visual Studio Solution File, Format Version 12.00
# Visual Studio Version 17
VisualStudioVersion = 17.10.35013.160
MinimumVisualStudioVersion = 10.0.40219.1
Project("{FAE04EC0-301F-11D3-BF4B-00C04F79EFBC}") = "ActivityService", "ActivityService\ActivityService.csproj", "{C6A3D7EB-DE07-431A-A5C7-9619C4E8C78A}"
EndProject
Global
	GlobalSection(SolutionConfigurationPlatforms) = preSolution
		Debug|Any CPU = Debug|Any CPU
		Release|Any CPU = Release|Any CPU
	EndGlobalSection
	GlobalSection(ProjectConfigurationPlatforms) = postSolution
		{C6A3D7EB-DE07-431A-A5C7-9619C4E8C78A}.Debug|Any CPU.ActiveCfg = Debug|Any CPU
		{C6A3D7EB-DE07-431A-A5C7-9619C4E8C78A}.Debug|Any CPU.Build.0 = Debug|Any CPU
		{C6A3D7EB-DE07-431A-A5C7-9619C4E8C78A}.Release|Any CPU.ActiveCfg = Release|Any CPU
		{C6A3D7EB-DE07-431A-A5C7-9619C4E8C78A}.Release|Any CPU.Build.0 = Release|Any CPU
	EndGlobalSection
	GlobalSection(SolutionProperties) = preSolution
		HideSolutionNode = FALSE
	EndGlobalSection
	GlobalSection(ExtensibilityGlobals) = postSolution
		SolutionGuid = {DE9EC60B-A427-4449-A2BF-819B37E6CD59}
	EndGlobalSection
EndGlobal
